
Microsoft Visual Studio Solution File, Format Version 12.00
# Visual Studio Version 16
VisualStudioVersion = 16.0.31702.278
MinimumVisualStudioVersion = 10.0.40219.1
Project("{9A19103F-16F7-4668-BE54-9A1E7A4F7556}") = "UserCreationLibrary", "UserCreationLibrary\UserCreationLibrary.csproj", "{2B4BCE4C-43FC-46B6-A69E-F6D0B3677DB9}"
EndProject
Project("{FAE04EC0-301F-11D3-BF4B-00C04F79EFBC}") = "UserCreationUI", "UserCreationUI\UserCreationUI.csproj", "{FBD2528A-D488-4771-ABB2-ED69221BB245}"
EndProject
Global
	GlobalSection(SolutionConfigurationPlatforms) = preSolution
		Debug|Any CPU = Debug|Any CPU
		Release|Any CPU = Release|Any CPU
	EndGlobalSection
	GlobalSection(ProjectConfigurationPlatforms) = postSolution
		{2B4BCE4C-43FC-46B6-A69E-F6D0B3677DB9}.Debug|Any CPU.ActiveCfg = Debug|Any CPU
		{2B4BCE4C-43FC-46B6-A69E-F6D0B3677DB9}.Debug|Any CPU.Build.0 = Debug|Any CPU
		{2B4BCE4C-43FC-46B6-A69E-F6D0B3677DB9}.Release|Any CPU.ActiveCfg = Release|Any CPU
		{2B4BCE4C-43FC-46B6-A69E-F6D0B3677DB9}.Release|Any CPU.Build.0 = Release|Any CPU
		{FBD2528A-D488-4771-ABB2-ED69221BB245}.Debug|Any CPU.ActiveCfg = Debug|Any CPU
		{FBD2528A-D488-4771-ABB2-ED69221BB245}.Debug|Any CPU.Build.0 = Debug|Any CPU
		{FBD2528A-D488-4771-ABB2-ED69221BB245}.Release|Any CPU.ActiveCfg = Release|Any CPU
		{FBD2528A-D488-4771-ABB2-ED69221BB245}.Release|Any CPU.Build.0 = Release|Any CPU
	EndGlobalSection
	GlobalSection(SolutionProperties) = preSolution
		HideSolutionNode = FALSE
	EndGlobalSection
	GlobalSection(ExtensibilityGlobals) = postSolution
		SolutionGuid = {C55D1868-912D-4EA5-86F6-0D5952CE883C}
	EndGlobalSection
EndGlobal
